
Microsoft Visual Studio Solution File, Format Version 12.00
# Visual Studio 15
VisualStudioVersion = 15.0.27703.2042
MinimumVisualStudioVersion = 10.0.40219.1
Project("{8BC9CEB8-8B4A-11D0-8D11-00A0C91BC942}") = "Utils", "Utils\Utils.vcxproj", "{2608041E-473E-44E3-A63F-53A022E1BCA6}"
EndProject
Project("{2150E333-8FDC-42A3-9474-1A3956D46DE8}") = "Labs", "Labs", "{A53C0924-71E3-4ABD-9E7D-19D5A7FEE8E5}"
EndProject
Project("{8BC9CEB8-8B4A-11D0-8D11-00A0C91BC942}") = "LR1", "LR1\LR1.vcxproj", "{C06AB3BD-030C-4CD0-B7C3-97D1E3378EA0}"
EndProject
Global
	GlobalSection(SolutionConfigurationPlatforms) = preSolution
		Debug|x64 = Debug|x64
		Debug|x86 = Debug|x86
		Release|x64 = Release|x64
		Release|x86 = Release|x86
	EndGlobalSection
	GlobalSection(ProjectConfigurationPlatforms) = postSolution
		{2608041E-473E-44E3-A63F-53A022E1BCA6}.Debug|x64.ActiveCfg = Debug|x64
		{2608041E-473E-44E3-A63F-53A022E1BCA6}.Debug|x64.Build.0 = Debug|x64
		{2608041E-473E-44E3-A63F-53A022E1BCA6}.Debug|x86.ActiveCfg = Debug|Win32
		{2608041E-473E-44E3-A63F-53A022E1BCA6}.Debug|x86.Build.0 = Debug|Win32
		{2608041E-473E-44E3-A63F-53A022E1BCA6}.Release|x64.ActiveCfg = Release|x64
		{2608041E-473E-44E3-A63F-53A022E1BCA6}.Release|x64.Build.0 = Release|x64
		{2608041E-473E-44E3-A63F-53A022E1BCA6}.Release|x86.ActiveCfg = Release|Win32
		{2608041E-473E-44E3-A63F-53A022E1BCA6}.Release|x86.Build.0 = Release|Win32
		{C06AB3BD-030C-4CD0-B7C3-97D1E3378EA0}.Debug|x64.ActiveCfg = Debug|x64
		{C06AB3BD-030C-4CD0-B7C3-97D1E3378EA0}.Debug|x64.Build.0 = Debug|x64
		{C06AB3BD-030C-4CD0-B7C3-97D1E3378EA0}.Debug|x86.ActiveCfg = Debug|Win32
		{C06AB3BD-030C-4CD0-B7C3-97D1E3378EA0}.Debug|x86.Build.0 = Debug|Win32
		{C06AB3BD-030C-4CD0-B7C3-97D1E3378EA0}.Release|x64.ActiveCfg = Release|x64
		{C06AB3BD-030C-4CD0-B7C3-97D1E3378EA0}.Release|x64.Build.0 = Release|x64
		{C06AB3BD-030C-4CD0-B7C3-97D1E3378EA0}.Release|x86.ActiveCfg = Release|Win32
		{C06AB3BD-030C-4CD0-B7C3-97D1E3378EA0}.Release|x86.Build.0 = Release|Win32
	EndGlobalSection
	GlobalSection(SolutionProperties) = preSolution
		HideSolutionNode = FALSE
	EndGlobalSection
	GlobalSection(NestedProjects) = preSolution
		{C06AB3BD-030C-4CD0-B7C3-97D1E3378EA0} = {A53C0924-71E3-4ABD-9E7D-19D5A7FEE8E5}
	EndGlobalSection
	GlobalSection(ExtensibilityGlobals) = postSolution
		SolutionGuid = {68326017-6149-4B9D-8D2C-73EDCE23EB00}
	EndGlobalSection
EndGlobal
